
Microsoft Visual Studio Solution File, Format Version 12.00
# Visual Studio 15
VisualStudioVersion = 15.0.28307.106
MinimumVisualStudioVersion = 10.0.40219.1
Project("{FAE04EC0-301F-11D3-BF4B-00C04F79EFBC}") = "OpenAsApp", "Project\OpenAsApp.csproj", "{16D9587E-9228-4956-8995-519E38C35450}"
EndProject
Project("{2150E333-8FDC-42A3-9474-1A3956D46DE8}") = "Solution Items", "Solution Items", "{FD77A525-620C-445B-B555-6B9818812DB3}"
	ProjectSection(SolutionItems) = preProject
		LICENSE = LICENSE
		README.md = README.md
	EndProjectSection
EndProject
Global
	GlobalSection(SolutionConfigurationPlatforms) = preSolution
		Debug|Any CPU = Debug|Any CPU
		Release|Any CPU = Release|Any CPU
	EndGlobalSection
	GlobalSection(ProjectConfigurationPlatforms) = postSolution
		{16D9587E-9228-4956-8995-519E38C35450}.Debug|Any CPU.ActiveCfg = Debug|Any CPU
		{16D9587E-9228-4956-8995-519E38C35450}.Debug|Any CPU.Build.0 = Debug|Any CPU
		{16D9587E-9228-4956-8995-519E38C35450}.Release|Any CPU.ActiveCfg = Release|Any CPU
		{16D9587E-9228-4956-8995-519E38C35450}.Release|Any CPU.Build.0 = Release|Any CPU
	EndGlobalSection
	GlobalSection(SolutionProperties) = preSolution
		HideSolutionNode = FALSE
	EndGlobalSection
	GlobalSection(ExtensibilityGlobals) = postSolution
		SolutionGuid = {0AC01160-64C4-4AB1-A1B1-44CAB2FFB2E6}
	EndGlobalSection
EndGlobal
